
Microsoft Visual Studio Solution File, Format Version 12.00
# Visual Studio Version 16
VisualStudioVersion = 16.0.31911.196
MinimumVisualStudioVersion = 10.0.40219.1
Project("{9A19103F-16F7-4668-BE54-9A1E7A4F7556}") = "Learning_Delegate", "Learning_Delegate.csproj", "{F3E7295B-BB17-45F3-BDDF-D836D57D8103}"
EndProject
Global
	GlobalSection(SolutionConfigurationPlatforms) = preSolution
		Debug|Any CPU = Debug|Any CPU
		Release|Any CPU = Release|Any CPU
	EndGlobalSection
	GlobalSection(ProjectConfigurationPlatforms) = postSolution
		{F3E7295B-BB17-45F3-BDDF-D836D57D8103}.Debug|Any CPU.ActiveCfg = Debug|Any CPU
		{F3E7295B-BB17-45F3-BDDF-D836D57D8103}.Debug|Any CPU.Build.0 = Debug|Any CPU
		{F3E7295B-BB17-45F3-BDDF-D836D57D8103}.Release|Any CPU.ActiveCfg = Release|Any CPU
		{F3E7295B-BB17-45F3-BDDF-D836D57D8103}.Release|Any CPU.Build.0 = Release|Any CPU
	EndGlobalSection
	GlobalSection(SolutionProperties) = preSolution
		HideSolutionNode = FALSE
	EndGlobalSection
	GlobalSection(ExtensibilityGlobals) = postSolution
		SolutionGuid = {615919CF-BFBE-4C18-8422-BBE3AE939965}
	EndGlobalSection
EndGlobal
